
Microsoft Visual Studio Solution File, Format Version 12.00
# Visual Studio 15
VisualStudioVersion = 15.0.27703.2035
MinimumVisualStudioVersion = 10.0.40219.1
Project("{FAE04EC0-301F-11D3-BF4B-00C04F79EFBC}") = "TodoWebApi", "TodoWebApi\TodoWebApi.csproj", "{0AFB9524-3856-4B3E-BDD5-252EC70B063D}"
EndProject
Global
	GlobalSection(SolutionConfigurationPlatforms) = preSolution
		Debug|Any CPU = Debug|Any CPU
		Release|Any CPU = Release|Any CPU
	EndGlobalSection
	GlobalSection(ProjectConfigurationPlatforms) = postSolution
		{0AFB9524-3856-4B3E-BDD5-252EC70B063D}.Debug|Any CPU.ActiveCfg = Debug|Any CPU
		{0AFB9524-3856-4B3E-BDD5-252EC70B063D}.Debug|Any CPU.Build.0 = Debug|Any CPU
		{0AFB9524-3856-4B3E-BDD5-252EC70B063D}.Release|Any CPU.ActiveCfg = Release|Any CPU
		{0AFB9524-3856-4B3E-BDD5-252EC70B063D}.Release|Any CPU.Build.0 = Release|Any CPU
	EndGlobalSection
	GlobalSection(SolutionProperties) = preSolution
		HideSolutionNode = FALSE
	EndGlobalSection
	GlobalSection(ExtensibilityGlobals) = postSolution
		SolutionGuid = {AC79B367-0C42-4C22-95DC-DE77146F7FE0}
	EndGlobalSection
EndGlobal
